# This file is automatically @generated by Cargo.
# It is not intended for manual editing.
version = 3

[[package]]
name = "mm"
version = "0.1.0"
dependencies = [
 "mm-eval",
 "rational",
]

[[package]]
name = "mm-eval"
version = "0.1.0"
dependencies = [
 "rational",
 "typed-arena",
]

[[package]]
name = "rational"
version = "1.2.0"
source = "registry+https://github.com/rust-lang/crates.io-index"
checksum = "541fa9192c09344d021af7d9c8a7d20d2e26c0ef97c53929478d7abfd9727d04"

[[package]]
name = "typed-arena"
version = "2.0.2"
source = "registry+https://github.com/rust-lang/crates.io-index"
checksum = "6af6ae20167a9ece4bcb41af5b80f8a1f1df981f6391189ce00fd257af04126a"
