# This file is automatically @generated by Cargo.
# It is not intended for manual editing.
version = 3

[[package]]
name = "either"
version = "1.8.1"
source = "registry+https://github.com/rust-lang/crates.io-index"
checksum = "7fcaabb2fef8c910e7f4c7ce9f67a1283a1715879a7c230ca9d6d1ae31f16d91"

[[package]]
name = "itertools"
version = "0.10.5"
source = "registry+https://github.com/rust-lang/crates.io-index"
checksum = "b0fd2260e829bddf4cb6ea802289de2f86d6a7a690192fbe91b3f46e0f2c8473"
dependencies = [
 "either",
]

[[package]]
name = "mm"
version = "0.1.0"
dependencies = [
 "mm-eval",
 "rational",
]

[[package]]
name = "mm-eval"
version = "0.1.0"
dependencies = [
 "itertools",
 "rational",
 "typed-arena",
]

[[package]]
name = "rational"
version = "1.2.0"
source = "registry+https://github.com/rust-lang/crates.io-index"
checksum = "541fa9192c09344d021af7d9c8a7d20d2e26c0ef97c53929478d7abfd9727d04"

[[package]]
name = "typed-arena"
version = "2.0.2"
source = "registry+https://github.com/rust-lang/crates.io-index"
checksum = "6af6ae20167a9ece4bcb41af5b80f8a1f1df981f6391189ce00fd257af04126a"
